// !$*UTF8*$!
{
	archiveVersion = 1;
	classes = {
	};
	objectVersion = 55;
	objects = {

/* Begin PBXBuildFile section */
		6391D93227413BD20085C89E /* KSAppDelegate.m in Sources */ = {isa = PBXBuildFile; fileRef = 6391D93127413BD20085C89E /* KSAppDelegate.m */; };
		6391D93527413BD20085C89E /* KSSceneDelegate.m in Sources */ = {isa = PBXBuildFile; fileRef = 6391D93427413BD20085C89E /* KSSceneDelegate.m */; };
		6391D93827413BD20085C89E /* KSRootViewController.m in Sources */ = {isa = PBXBuildFile; fileRef = 6391D93727413BD20085C89E /* KSRootViewController.m */; };
		6391D93D27413BD40085C89E /* Assets.xcassets in Resources */ = {isa = PBXBuildFile; fileRef = 6391D93C27413BD40085C89E /* Assets.xcassets */; };
		6391D94027413BD40085C89E /* LaunchScreen.storyboard in Resources */ = {isa = PBXBuildFile; fileRef = 6391D93E27413BD40085C89E /* LaunchScreen.storyboard */; };
		6391D94327413BD40085C89E /* main.m in Sources */ = {isa = PBXBuildFile; fileRef = 6391D94227413BD40085C89E /* main.m */; };
		6391D94C27414B370085C89E /* KSViewSection.m in Sources */ = {isa = PBXBuildFile; fileRef = 6391D94B27414B370085C89E /* KSViewSection.m */; };
		6391D94F27414B420085C89E /* KSViewItem.m in Sources */ = {isa = PBXBuildFile; fileRef = 6391D94E27414B420085C89E /* KSViewItem.m */; };
/* End PBXBuildFile section */

/* Begin PBXFileReference section */
		6391D92D27413BD20085C89E /* KSDemoTemplate.app */ = {isa = PBXFileReference; explicitFileType = wrapper.application; includeInIndex = 0; path = KSDemoTemplate.app; sourceTree = BUILT_PRODUCTS_DIR; };
		6391D93027413BD20085C89E /* KSAppDelegate.h */ = {isa = PBXFileReference; lastKnownFileType = sourcecode.c.h; path = KSAppDelegate.h; sourceTree = "<group>"; };
		6391D93127413BD20085C89E /* KSAppDelegate.m */ = {isa = PBXFileReference; lastKnownFileType = sourcecode.c.objc; path = KSAppDelegate.m; sourceTree = "<group>"; };
		6391D93327413BD20085C89E /* KSSceneDelegate.h */ = {isa = PBXFileReference; lastKnownFileType = sourcecode.c.h; path = KSSceneDelegate.h; sourceTree = "<group>"; };
		6391D93427413BD20085C89E /* KSSceneDelegate.m */ = {isa = PBXFileReference; lastKnownFileType = sourcecode.c.objc; path = KSSceneDelegate.m; sourceTree = "<group>"; };
		6391D93627413BD20085C89E /* KSRootViewController.h */ = {isa = PBXFileReference; lastKnownFileType = sourcecode.c.h; path = KSRootViewController.h; sourceTree = "<group>"; };
		6391D93727413BD20085C89E /* KSRootViewController.m */ = {isa = PBXFileReference; lastKnownFileType = sourcecode.c.objc; path = KSRootViewController.m; sourceTree = "<group>"; };
		6391D93C27413BD40085C89E /* Assets.xcassets */ = {isa = PBXFileReference; lastKnownFileType = folder.assetcatalog; path = Assets.xcassets; sourceTree = "<group>"; };
		6391D93F27413BD40085C89E /* Base */ = {isa = PBXFileReference; lastKnownFileType = file.storyboard; name = Base; path = Base.lproj/LaunchScreen.storyboard; sourceTree = "<group>"; };
		6391D94127413BD40085C89E /* Info.plist */ = {isa = PBXFileReference; lastKnownFileType = text.plist.xml; path = Info.plist; sourceTree = "<group>"; };
		6391D94227413BD40085C89E /* main.m */ = {isa = PBXFileReference; lastKnownFileType = sourcecode.c.objc; path = main.m; sourceTree = "<group>"; };
		6391D94A27414B370085C89E /* KSViewSection.h */ = {isa = PBXFileReference; lastKnownFileType = sourcecode.c.h; path = KSViewSection.h; sourceTree = "<group>"; };
		6391D94B27414B370085C89E /* KSViewSection.m */ = {isa = PBXFileReference; lastKnownFileType = sourcecode.c.objc; path = KSViewSection.m; sourceTree = "<group>"; };
		6391D94D27414B420085C89E /* KSViewItem.h */ = {isa = PBXFileReference; lastKnownFileType = sourcecode.c.h; path = KSViewItem.h; sourceTree = "<group>"; };
		6391D94E27414B420085C89E /* KSViewItem.m */ = {isa = PBXFileReference; lastKnownFileType = sourcecode.c.objc; path = KSViewItem.m; sourceTree = "<group>"; };
/* End PBXFileReference section */

/* Begin PBXFrameworksBuildPhase section */
		6391D92A27413BD20085C89E /* Frameworks */ = {
			isa = PBXFrameworksBuildPhase;
			buildActionMask = 2147483647;
			files = (
			);
			runOnlyForDeploymentPostprocessing = 0;
		};
/* End PBXFrameworksBuildPhase section */

/* Begin PBXGroup section */
		6391D92427413BD20085C89E = {
			isa = PBXGroup;
			children = (
				6391D92F27413BD20085C89E /* KSDemoTemplate */,
				6391D92E27413BD20085C89E /* Products */,
			);
			sourceTree = "<group>";
		};
		6391D92E27413BD20085C89E /* Products */ = {
			isa = PBXGroup;
			children = (
				6391D92D27413BD20085C89E /* KSDemoTemplate.app */,
			);
			name = Products;
			sourceTree = "<group>";
		};
		6391D92F27413BD20085C89E /* KSDemoTemplate */ = {
			isa = PBXGroup;
			children = (
				6391D93027413BD20085C89E /* KSAppDelegate.h */,
				6391D93127413BD20085C89E /* KSAppDelegate.m */,
				6391D93327413BD20085C89E /* KSSceneDelegate.h */,
				6391D93427413BD20085C89E /* KSSceneDelegate.m */,
				6391D93627413BD20085C89E /* KSRootViewController.h */,
				6391D93727413BD20085C89E /* KSRootViewController.m */,
				6391D94927414B0C0085C89E /* Table */,
				6391D93C27413BD40085C89E /* Assets.xcassets */,
				6391D93E27413BD40085C89E /* LaunchScreen.storyboard */,
				6391D94127413BD40085C89E /* Info.plist */,
				6391D94227413BD40085C89E /* main.m */,
			);
			path = KSDemoTemplate;
			sourceTree = "<group>";
		};
		6391D94927414B0C0085C89E /* Table */ = {
			isa = PBXGroup;
			children = (
				6391D94A27414B370085C89E /* KSViewSection.h */,
				6391D94B27414B370085C89E /* KSViewSection.m */,
				6391D94D27414B420085C89E /* KSViewItem.h */,
				6391D94E27414B420085C89E /* KSViewItem.m */,
			);
			path = Table;
			sourceTree = "<group>";
		};
/* End PBXGroup section */

/* Begin PBXNativeTarget section */
		6391D92C27413BD20085C89E /* KSDemoTemplate */ = {
			isa = PBXNativeTarget;
			buildConfigurationList = 6391D94627413BD40085C89E /* Build configuration list for PBXNativeTarget "KSDemoTemplate" */;
			buildPhases = (
				6391D92927413BD20085C89E /* Sources */,
				6391D92A27413BD20085C89E /* Frameworks */,
				6391D92B27413BD20085C89E /* Resources */,
			);
			buildRules = (
			);
			dependencies = (
			);
			name = KSDemoTemplate;
			productName = KSDemoTemplate;
			productReference = 6391D92D27413BD20085C89E /* KSDemoTemplate.app */;
			productType = "com.apple.product-type.application";
		};
/* End PBXNativeTarget section */

/* Begin PBXProject section */
		6391D92527413BD20085C89E /* Project object */ = {
			isa = PBXProject;
			attributes = {
				BuildIndependentTargetsInParallel = 1;
				CLASSPREFIX = KS;
				LastUpgradeCheck = 1310;
				TargetAttributes = {
					6391D92C27413BD20085C89E = {
						CreatedOnToolsVersion = 13.1;
					};
				};
			};
			buildConfigurationList = 6391D92827413BD20085C89E /* Build configuration list for PBXProject "KSDemoTemplate" */;
			compatibilityVersion = "Xcode 13.0";
			developmentRegion = en;
			hasScannedForEncodings = 0;
			knownRegions = (
				en,
				Base,
			);
			mainGroup = 6391D92427413BD20085C89E;
			productRefGroup = 6391D92E27413BD20085C89E /* Products */;
			projectDirPath = "";
			projectRoot = "";
			targets = (
				6391D92C27413BD20085C89E /* KSDemoTemplate */,
			);
		};
/* End PBXProject section */

/* Begin PBXResourcesBuildPhase section */
		6391D92B27413BD20085C89E /* Resources */ = {
			isa = PBXResourcesBuildPhase;
			buildActionMask = 2147483647;
			files = (
				6391D94027413BD40085C89E /* LaunchScreen.storyboard in Resources */,
				6391D93D27413BD40085C89E /* Assets.xcassets in Resources */,
			);
			runOnlyForDeploymentPostprocessing = 0;
		};
/* End PBXResourcesBuildPhase section */

/* Begin PBXSourcesBuildPhase section */
		6391D92927413BD20085C89E /* Sources */ = {
			isa = PBXSourcesBuildPhase;
			buildActionMask = 2147483647;
			files = (
				6391D94C27414B370085C89E /* KSViewSection.m in Sources */,
				6391D93827413BD20085C89E /* KSRootViewController.m in Sources */,
				6391D93227413BD20085C89E /* KSAppDelegate.m in Sources */,
				6391D94F27414B420085C89E /* KSViewItem.m in Sources */,
				6391D94327413BD40085C89E /* main.m in Sources */,
				6391D93527413BD20085C89E /* KSSceneDelegate.m in Sources */,
			);
			runOnlyForDeploymentPostprocessing = 0;
		};
/* End PBXSourcesBuildPhase section */

/* Begin PBXVariantGroup section */
		6391D93E27413BD40085C89E /* LaunchScreen.storyboard */ = {
			isa = PBXVariantGroup;
			children = (
				6391D93F27413BD40085C89E /* Base */,
			);
			name = LaunchScreen.storyboard;
			sourceTree = "<group>";
		};
/* End PBXVariantGroup section */

/* Begin XCBuildConfiguration section */
		6391D94427413BD40085C89E /* Debug */ = {
			isa = XCBuildConfiguration;
			buildSettings = {
				ALWAYS_SEARCH_USER_PATHS = NO;
				CLANG_ANALYZER_NONNULL = YES;
				CLANG_ANALYZER_NUMBER_OBJECT_CONVERSION = YES_AGGRESSIVE;
				CLANG_CXX_LANGUAGE_STANDARD = "gnu++17";
				CLANG_CXX_LIBRARY = "libc++";
				CLANG_ENABLE_MODULES = YES;
				CLANG_ENABLE_OBJC_ARC = YES;
				CLANG_ENABLE_OBJC_WEAK = YES;
				CLANG_WARN_BLOCK_CAPTURE_AUTORELEASING = YES;
				CLANG_WARN_BOOL_CONVERSION = YES;
				CLANG_WARN_COMMA = YES;
				CLANG_WARN_CONSTANT_CONVERSION = YES;
				CLANG_WARN_DEPRECATED_OBJC_IMPLEMENTATIONS = YES;
				CLANG_WARN_DIRECT_OBJC_ISA_USAGE = YES_ERROR;
				CLANG_WARN_DOCUMENTATION_COMMENTS = YES;
				CLANG_WARN_EMPTY_BODY = YES;
				CLANG_WARN_ENUM_CONVERSION = YES;
				CLANG_WARN_INFINITE_RECURSION = YES;
				CLANG_WARN_INT_CONVERSION = YES;
				CLANG_WARN_NON_LITERAL_NULL_CONVERSION = YES;
				CLANG_WARN_OBJC_IMPLICIT_RETAIN_SELF = YES;
				CLANG_WARN_OBJC_LITERAL_CONVERSION = YES;
				CLANG_WARN_OBJC_ROOT_CLASS = YES_ERROR;
				CLANG_WARN_QUOTED_INCLUDE_IN_FRAMEWORK_HEADER = YES;
				CLANG_WARN_RANGE_LOOP_ANALYSIS = YES;
				CLANG_WARN_STRICT_PROTOTYPES = YES;
				CLANG_WARN_SUSPICIOUS_MOVE = YES;
				CLANG_WARN_UNGUARDED_AVAILABILITY = YES_AGGRESSIVE;
				CLANG_WARN_UNREACHABLE_CODE = YES;
				CLANG_WARN__DUPLICATE_METHOD_MATCH = YES;
				COPY_PHASE_STRIP = NO;
				DEBUG_INFORMATION_FORMAT = dwarf;
				ENABLE_STRICT_OBJC_MSGSEND = YES;
				ENABLE_TESTABILITY = YES;
				GCC_C_LANGUAGE_STANDARD = gnu11;
				GCC_DYNAMIC_NO_PIC = NO;
				GCC_NO_COMMON_BLOCKS = YES;
				GCC_OPTIMIZATION_LEVEL = 0;
				GCC_PREPROCESSOR_DEFINITIONS = (
					"DEBUG=1",
					"$(inherited)",
				);
				GCC_WARN_64_TO_32_BIT_CONVERSION = YES;
				GCC_WARN_ABOUT_RETURN_TYPE = YES_ERROR;
				GCC_WARN_UNDECLARED_SELECTOR = YES;
				GCC_WARN_UNINITIALIZED_AUTOS = YES_AGGRESSIVE;
				GCC_WARN_UNUSED_FUNCTION = YES;
				GCC_WARN_UNUSED_VARIABLE = YES;
				IPHONEOS_DEPLOYMENT_TARGET = 15.0;
				MTL_ENABLE_DEBUG_INFO = INCLUDE_SOURCE;
				MTL_FAST_MATH = YES;
				ONLY_ACTIVE_ARCH = YES;
				SDKROOT = iphoneos;
			};
			name = Debug;
		};
		6391D94527413BD40085C89E /* Release */ = {
			isa = XCBuildConfiguration;
			buildSettings = {
				ALWAYS_SEARCH_USER_PATHS = NO;
				CLANG_ANALYZER_NONNULL = YES;
				CLANG_ANALYZER_NUMBER_OBJECT_CONVERSION = YES_AGGRESSIVE;
				CLANG_CXX_LANGUAGE_STANDARD = "gnu++17";
				CLANG_CXX_LIBRARY = "libc++";
				CLANG_ENABLE_MODULES = YES;
				CLANG_ENABLE_OBJC_ARC = YES;
				CLANG_ENABLE_OBJC_WEAK = YES;
				CLANG_WARN_BLOCK_CAPTURE_AUTORELEASING = YES;
				CLANG_WARN_BOOL_CONVERSION = YES;
				CLANG_WARN_COMMA = YES;
				CLANG_WARN_CONSTANT_CONVERSION = YES;
				CLANG_WARN_DEPRECATED_OBJC_IMPLEMENTATIONS = YES;
				CLANG_WARN_DIRECT_OBJC_ISA_USAGE = YES_ERROR;
				CLANG_WARN_DOCUMENTATION_COMMENTS = YES;
				CLANG_WARN_EMPTY_BODY = YES;
				CLANG_WARN_ENUM_CONVERSION = YES;
				CLANG_WARN_INFINITE_RECURSION = YES;
				CLANG_WARN_INT_CONVERSION = YES;
				CLANG_WARN_NON_LITERAL_NULL_CONVERSION = YES;
				CLANG_WARN_OBJC_IMPLICIT_RETAIN_SELF = YES;
				CLANG_WARN_OBJC_LITERAL_CONVERSION = YES;
				CLANG_WARN_OBJC_ROOT_CLASS = YES_ERROR;
				CLANG_WARN_QUOTED_INCLUDE_IN_FRAMEWORK_HEADER = YES;
				CLANG_WARN_RANGE_LOOP_ANALYSIS = YES;
				CLANG_WARN_STRICT_PROTOTYPES = YES;
				CLANG_WARN_SUSPICIOUS_MOVE = YES;
				CLANG_WARN_UNGUARDED_AVAILABILITY = YES_AGGRESSIVE;
				CLANG_WARN_UNREACHABLE_CODE = YES;
				CLANG_WARN__DUPLICATE_METHOD_MATCH = YES;
				COPY_PHASE_STRIP = NO;
				DEBUG_INFORMATION_FORMAT = "dwarf-with-dsym";
				ENABLE_NS_ASSERTIONS = NO;
				ENABLE_STRICT_OBJC_MSGSEND = YES;
				GCC_C_LANGUAGE_STANDARD = gnu11;
				GCC_NO_COMMON_BLOCKS = YES;
				GCC_WARN_64_TO_32_BIT_CONVERSION = YES;
				GCC_WARN_ABOUT_RETURN_TYPE = YES_ERROR;
				GCC_WARN_UNDECLARED_SELECTOR = YES;
				GCC_WARN_UNINITIALIZED_AUTOS = YES_AGGRESSIVE;
				GCC_WARN_UNUSED_FUNCTION = YES;
				GCC_WARN_UNUSED_VARIABLE = YES;
				IPHONEOS_DEPLOYMENT_TARGET = 15.0;
				MTL_ENABLE_DEBUG_INFO = NO;
				MTL_FAST_MATH = YES;
				SDKROOT = iphoneos;
				VALIDATE_PRODUCT = YES;
			};
			name = Release;
		};
		6391D94727413BD40085C89E /* Debug */ = {
			isa = XCBuildConfiguration;
			buildSettings = {
				ASSETCATALOG_COMPILER_APPICON_NAME = AppIcon;
				ASSETCATALOG_COMPILER_GLOBAL_ACCENT_COLOR_NAME = AccentColor;
				CODE_SIGN_STYLE = Automatic;
				CURRENT_PROJECT_VERSION = 1;
				DEVELOPMENT_TEAM = 3VR2JM3236;
				GENERATE_INFOPLIST_FILE = YES;
				INFOPLIST_FILE = KSDemoTemplate/Info.plist;
				INFOPLIST_KEY_UIApplicationSupportsIndirectInputEvents = YES;
				INFOPLIST_KEY_UILaunchStoryboardName = LaunchScreen;
				INFOPLIST_KEY_UISupportedInterfaceOrientations_iPad = "UIInterfaceOrientationPortrait UIInterfaceOrientationPortraitUpsideDown UIInterfaceOrientationLandscapeLeft UIInterfaceOrientationLandscapeRight";
				INFOPLIST_KEY_UISupportedInterfaceOrientations_iPhone = "UIInterfaceOrientationPortrait UIInterfaceOrientationLandscapeLeft UIInterfaceOrientationLandscapeRight";
				IPHONEOS_DEPLOYMENT_TARGET = 9.0;
				LD_RUNPATH_SEARCH_PATHS = (
					"$(inherited)",
					"@executable_path/Frameworks",
				);
				MARKETING_VERSION = 1.0;
				PRODUCT_BUNDLE_IDENTIFIER = me.klaudz.KSDemoTemplate;
				PRODUCT_NAME = "$(TARGET_NAME)";
				SWIFT_EMIT_LOC_STRINGS = YES;
				TARGETED_DEVICE_FAMILY = "1,2";
			};
			name = Debug;
		};
		6391D94827413BD40085C89E /* Release */ = {
			isa = XCBuildConfiguration;
			buildSettings = {
				ASSETCATALOG_COMPILER_APPICON_NAME = AppIcon;
				ASSETCATALOG_COMPILER_GLOBAL_ACCENT_COLOR_NAME = AccentColor;
				CODE_SIGN_STYLE = Automatic;
				CURRENT_PROJECT_VERSION = 1;
				DEVELOPMENT_TEAM = 3VR2JM3236;
				GENERATE_INFOPLIST_FILE = YES;
				INFOPLIST_FILE = KSDemoTemplate/Info.plist;
				INFOPLIST_KEY_UIApplicationSupportsIndirectInputEvents = YES;
				INFOPLIST_KEY_UILaunchStoryboardName = LaunchScreen;
				INFOPLIST_KEY_UISupportedInterfaceOrientations_iPad = "UIInterfaceOrientationPortrait UIInterfaceOrientationPortraitUpsideDown UIInterfaceOrientationLandscapeLeft UIInterfaceOrientationLandscapeRight";
				INFOPLIST_KEY_UISupportedInterfaceOrientations_iPhone = "UIInterfaceOrientationPortrait UIInterfaceOrientationLandscapeLeft UIInterfaceOrientationLandscapeRight";
				IPHONEOS_DEPLOYMENT_TARGET = 9.0;
				LD_RUNPATH_SEARCH_PATHS = (
					"$(inherited)",
					"@executable_path/Frameworks",
				);
				MARKETING_VERSION = 1.0;
				PRODUCT_BUNDLE_IDENTIFIER = me.klaudz.KSDemoTemplate;
				PRODUCT_NAME = "$(TARGET_NAME)";
				SWIFT_EMIT_LOC_STRINGS = YES;
				TARGETED_DEVICE_FAMILY = "1,2";
			};
			name = Release;
		};
/* End XCBuildConfiguration section */

/* Begin XCConfigurationList section */
		6391D92827413BD20085C89E /* Build configuration list for PBXProject "KSDemoTemplate" */ = {
			isa = XCConfigurationList;
			buildConfigurations = (
				6391D94427413BD40085C89E /* Debug */,
				6391D94527413BD40085C89E /* Release */,
			);
			defaultConfigurationIsVisible = 0;
			defaultConfigurationName = Release;
		};
		6391D94627413BD40085C89E /* Build configuration list for PBXNativeTarget "KSDemoTemplate" */ = {
			isa = XCConfigurationList;
			buildConfigurations = (
				6391D94727413BD40085C89E /* Debug */,
				6391D94827413BD40085C89E /* Release */,
			);
			defaultConfigurationIsVisible = 0;
			defaultConfigurationName = Release;
		};
/* End XCConfigurationList section */
	};
	rootObject = 6391D92527413BD20085C89E /* Project object */;
}
